
Microsoft Visual Studio Solution File, Format Version 12.00
# Visual Studio Version 17
VisualStudioVersion = 17.4.33103.184
MinimumVisualStudioVersion = 10.0.40219.1
Project("{9A19103F-16F7-4668-BE54-9A1E7A4F7556}") = "AWS.Lambda.Example", "AWS.Lambda.Example\AWS.Lambda.Example.csproj", "{7DBB5FD3-900B-419B-BBA6-4799D4546298}"
EndProject
Global
	GlobalSection(SolutionConfigurationPlatforms) = preSolution
		Debug|Any CPU = Debug|Any CPU
		Release|Any CPU = Release|Any CPU
	EndGlobalSection
	GlobalSection(ProjectConfigurationPlatforms) = postSolution
		{7DBB5FD3-900B-419B-BBA6-4799D4546298}.Debug|Any CPU.ActiveCfg = Debug|Any CPU
		{7DBB5FD3-900B-419B-BBA6-4799D4546298}.Debug|Any CPU.Build.0 = Debug|Any CPU
		{7DBB5FD3-900B-419B-BBA6-4799D4546298}.Release|Any CPU.ActiveCfg = Release|Any CPU
		{7DBB5FD3-900B-419B-BBA6-4799D4546298}.Release|Any CPU.Build.0 = Release|Any CPU
	EndGlobalSection
	GlobalSection(SolutionProperties) = preSolution
		HideSolutionNode = FALSE
	EndGlobalSection
	GlobalSection(ExtensibilityGlobals) = postSolution
		SolutionGuid = {739563A7-547F-4141-98F1-48C9F1FD3E54}
	EndGlobalSection
EndGlobal
